// !$*UTF8*$!
{
	archiveVersion = 1;
	classes = {
	};
	objectVersion = 56;
	objects = {

/* Begin PBXBuildFile section */
		279501522AF53E08006E0280 /* Money_ManagerApp.swift in Sources */ = {isa = PBXBuildFile; fileRef = 279501512AF53E08006E0280 /* Money_ManagerApp.swift */; };
		279501542AF53E08006E0280 /* ContentView.swift in Sources */ = {isa = PBXBuildFile; fileRef = 279501532AF53E08006E0280 /* ContentView.swift */; };
		279501562AF53E0A006E0280 /* Assets.xcassets in Resources */ = {isa = PBXBuildFile; fileRef = 279501552AF53E0A006E0280 /* Assets.xcassets */; };
		279501592AF53E0A006E0280 /* Preview Assets.xcassets in Resources */ = {isa = PBXBuildFile; fileRef = 279501582AF53E0A006E0280 /* Preview Assets.xcassets */; };
		2795015B2AF53E0A006E0280 /* Persistence.swift in Sources */ = {isa = PBXBuildFile; fileRef = 2795015A2AF53E0A006E0280 /* Persistence.swift */; };
		2795015E2AF53E0A006E0280 /* Money_Manager.xcdatamodeld in Sources */ = {isa = PBXBuildFile; fileRef = 2795015C2AF53E0A006E0280 /* Money_Manager.xcdatamodeld */; };
		2795016A2AF53E0A006E0280 /* Money_ManagerTests.swift in Sources */ = {isa = PBXBuildFile; fileRef = 279501692AF53E0A006E0280 /* Money_ManagerTests.swift */; };
		279501742AF53E0A006E0280 /* Money_ManagerUITests.swift in Sources */ = {isa = PBXBuildFile; fileRef = 279501732AF53E0A006E0280 /* Money_ManagerUITests.swift */; };
		279501762AF53E0A006E0280 /* Money_ManagerUITestsLaunchTests.swift in Sources */ = {isa = PBXBuildFile; fileRef = 279501752AF53E0A006E0280 /* Money_ManagerUITestsLaunchTests.swift */; };
/* End PBXBuildFile section */

/* Begin PBXContainerItemProxy section */
		279501662AF53E0A006E0280 /* PBXContainerItemProxy */ = {
			isa = PBXContainerItemProxy;
			containerPortal = 279501462AF53E08006E0280 /* Project object */;
			proxyType = 1;
			remoteGlobalIDString = 2795014D2AF53E08006E0280;
			remoteInfo = "Money Manager";
		};
		279501702AF53E0A006E0280 /* PBXContainerItemProxy */ = {
			isa = PBXContainerItemProxy;
			containerPortal = 279501462AF53E08006E0280 /* Project object */;
			proxyType = 1;
			remoteGlobalIDString = 2795014D2AF53E08006E0280;
			remoteInfo = "Money Manager";
		};
/* End PBXContainerItemProxy section */

/* Begin PBXFileReference section */
		2795014E2AF53E08006E0280 /* Money Manager.app */ = {isa = PBXFileReference; explicitFileType = wrapper.application; includeInIndex = 0; path = "Money Manager.app"; sourceTree = BUILT_PRODUCTS_DIR; };
		279501512AF53E08006E0280 /* Money_ManagerApp.swift */ = {isa = PBXFileReference; lastKnownFileType = sourcecode.swift; path = Money_ManagerApp.swift; sourceTree = "<group>"; };
		279501532AF53E08006E0280 /* ContentView.swift */ = {isa = PBXFileReference; lastKnownFileType = sourcecode.swift; path = ContentView.swift; sourceTree = "<group>"; };
		279501552AF53E0A006E0280 /* Assets.xcassets */ = {isa = PBXFileReference; lastKnownFileType = folder.assetcatalog; path = Assets.xcassets; sourceTree = "<group>"; };
		279501582AF53E0A006E0280 /* Preview Assets.xcassets */ = {isa = PBXFileReference; lastKnownFileType = folder.assetcatalog; path = "Preview Assets.xcassets"; sourceTree = "<group>"; };
		2795015A2AF53E0A006E0280 /* Persistence.swift */ = {isa = PBXFileReference; lastKnownFileType = sourcecode.swift; path = Persistence.swift; sourceTree = "<group>"; };
		2795015D2AF53E0A006E0280 /* Money_Manager.xcdatamodel */ = {isa = PBXFileReference; lastKnownFileType = wrapper.xcdatamodel; path = Money_Manager.xcdatamodel; sourceTree = "<group>"; };
		2795015F2AF53E0A006E0280 /* Money_Manager.entitlements */ = {isa = PBXFileReference; lastKnownFileType = text.plist.entitlements; path = Money_Manager.entitlements; sourceTree = "<group>"; };
		279501602AF53E0A006E0280 /* Info.plist */ = {isa = PBXFileReference; lastKnownFileType = text.plist.xml; path = Info.plist; sourceTree = "<group>"; };
		279501652AF53E0A006E0280 /* Money ManagerTests.xctest */ = {isa = PBXFileReference; explicitFileType = wrapper.cfbundle; includeInIndex = 0; path = "Money ManagerTests.xctest"; sourceTree = BUILT_PRODUCTS_DIR; };
		279501692AF53E0A006E0280 /* Money_ManagerTests.swift */ = {isa = PBXFileReference; lastKnownFileType = sourcecode.swift; path = Money_ManagerTests.swift; sourceTree = "<group>"; };
		2795016F2AF53E0A006E0280 /* Money ManagerUITests.xctest */ = {isa = PBXFileReference; explicitFileType = wrapper.cfbundle; includeInIndex = 0; path = "Money ManagerUITests.xctest"; sourceTree = BUILT_PRODUCTS_DIR; };
		279501732AF53E0A006E0280 /* Money_ManagerUITests.swift */ = {isa = PBXFileReference; lastKnownFileType = sourcecode.swift; path = Money_ManagerUITests.swift; sourceTree = "<group>"; };
		279501752AF53E0A006E0280 /* Money_ManagerUITestsLaunchTests.swift */ = {isa = PBXFileReference; lastKnownFileType = sourcecode.swift; path = Money_ManagerUITestsLaunchTests.swift; sourceTree = "<group>"; };
/* End PBXFileReference section */

/* Begin PBXFrameworksBuildPhase section */
		2795014B2AF53E08006E0280 /* Frameworks */ = {
			isa = PBXFrameworksBuildPhase;
			buildActionMask = 2147483647;
			files = (
			);
			runOnlyForDeploymentPostprocessing = 0;
		};
		279501622AF53E0A006E0280 /* Frameworks */ = {
			isa = PBXFrameworksBuildPhase;
			buildActionMask = 2147483647;
			files = (
			);
			runOnlyForDeploymentPostprocessing = 0;
		};
		2795016C2AF53E0A006E0280 /* Frameworks */ = {
			isa = PBXFrameworksBuildPhase;
			buildActionMask = 2147483647;
			files = (
			);
			runOnlyForDeploymentPostprocessing = 0;
		};
/* End PBXFrameworksBuildPhase section */

/* Begin PBXGroup section */
		279501452AF53E08006E0280 = {
			isa = PBXGroup;
			children = (
				279501502AF53E08006E0280 /* Money Manager */,
				279501682AF53E0A006E0280 /* Money ManagerTests */,
				279501722AF53E0A006E0280 /* Money ManagerUITests */,
				2795014F2AF53E08006E0280 /* Products */,
			);
			sourceTree = "<group>";
		};
		2795014F2AF53E08006E0280 /* Products */ = {
			isa = PBXGroup;
			children = (
				2795014E2AF53E08006E0280 /* Money Manager.app */,
				279501652AF53E0A006E0280 /* Money ManagerTests.xctest */,
				2795016F2AF53E0A006E0280 /* Money ManagerUITests.xctest */,
			);
			name = Products;
			sourceTree = "<group>";
		};
		279501502AF53E08006E0280 /* Money Manager */ = {
			isa = PBXGroup;
			children = (
				279501512AF53E08006E0280 /* Money_ManagerApp.swift */,
				279501532AF53E08006E0280 /* ContentView.swift */,
				279501552AF53E0A006E0280 /* Assets.xcassets */,
				2795015A2AF53E0A006E0280 /* Persistence.swift */,
				2795015F2AF53E0A006E0280 /* Money_Manager.entitlements */,
				279501602AF53E0A006E0280 /* Info.plist */,
				2795015C2AF53E0A006E0280 /* Money_Manager.xcdatamodeld */,
				279501572AF53E0A006E0280 /* Preview Content */,
			);
			path = "Money Manager";
			sourceTree = "<group>";
		};
		279501572AF53E0A006E0280 /* Preview Content */ = {
			isa = PBXGroup;
			children = (
				279501582AF53E0A006E0280 /* Preview Assets.xcassets */,
			);
			path = "Preview Content";
			sourceTree = "<group>";
		};
		279501682AF53E0A006E0280 /* Money ManagerTests */ = {
			isa = PBXGroup;
			children = (
				279501692AF53E0A006E0280 /* Money_ManagerTests.swift */,
			);
			path = "Money ManagerTests";
			sourceTree = "<group>";
		};
		279501722AF53E0A006E0280 /* Money ManagerUITests */ = {
			isa = PBXGroup;
			children = (
				279501732AF53E0A006E0280 /* Money_ManagerUITests.swift */,
				279501752AF53E0A006E0280 /* Money_ManagerUITestsLaunchTests.swift */,
			);
			path = "Money ManagerUITests";
			sourceTree = "<group>";
		};
/* End PBXGroup section */

/* Begin PBXNativeTarget section */
		2795014D2AF53E08006E0280 /* Money Manager */ = {
			isa = PBXNativeTarget;
			buildConfigurationList = 279501792AF53E0A006E0280 /* Build configuration list for PBXNativeTarget "Money Manager" */;
			buildPhases = (
				2795014A2AF53E08006E0280 /* Sources */,
				2795014B2AF53E08006E0280 /* Frameworks */,
				2795014C2AF53E08006E0280 /* Resources */,
			);
			buildRules = (
			);
			dependencies = (
			);
			name = "Money Manager";
			productName = "Money Manager";
			productReference = 2795014E2AF53E08006E0280 /* Money Manager.app */;
			productType = "com.apple.product-type.application";
		};
		279501642AF53E0A006E0280 /* Money ManagerTests */ = {
			isa = PBXNativeTarget;
			buildConfigurationList = 2795017C2AF53E0A006E0280 /* Build configuration list for PBXNativeTarget "Money ManagerTests" */;
			buildPhases = (
				279501612AF53E0A006E0280 /* Sources */,
				279501622AF53E0A006E0280 /* Frameworks */,
				279501632AF53E0A006E0280 /* Resources */,
			);
			buildRules = (
			);
			dependencies = (
				279501672AF53E0A006E0280 /* PBXTargetDependency */,
			);
			name = "Money ManagerTests";
			productName = "Money ManagerTests";
			productReference = 279501652AF53E0A006E0280 /* Money ManagerTests.xctest */;
			productType = "com.apple.product-type.bundle.unit-test";
		};
		2795016E2AF53E0A006E0280 /* Money ManagerUITests */ = {
			isa = PBXNativeTarget;
			buildConfigurationList = 2795017F2AF53E0A006E0280 /* Build configuration list for PBXNativeTarget "Money ManagerUITests" */;
			buildPhases = (
				2795016B2AF53E0A006E0280 /* Sources */,
				2795016C2AF53E0A006E0280 /* Frameworks */,
				2795016D2AF53E0A006E0280 /* Resources */,
			);
			buildRules = (
			);
			dependencies = (
				279501712AF53E0A006E0280 /* PBXTargetDependency */,
			);
			name = "Money ManagerUITests";
			productName = "Money ManagerUITests";
			productReference = 2795016F2AF53E0A006E0280 /* Money ManagerUITests.xctest */;
			productType = "com.apple.product-type.bundle.ui-testing";
		};
/* End PBXNativeTarget section */

/* Begin PBXProject section */
		279501462AF53E08006E0280 /* Project object */ = {
			isa = PBXProject;
			attributes = {
				BuildIndependentTargetsInParallel = 1;
				LastSwiftUpdateCheck = 1500;
				LastUpgradeCheck = 1500;
				TargetAttributes = {
					2795014D2AF53E08006E0280 = {
						CreatedOnToolsVersion = 15.0;
					};
					279501642AF53E0A006E0280 = {
						CreatedOnToolsVersion = 15.0;
						TestTargetID = 2795014D2AF53E08006E0280;
					};
					2795016E2AF53E0A006E0280 = {
						CreatedOnToolsVersion = 15.0;
						TestTargetID = 2795014D2AF53E08006E0280;
					};
				};
			};
			buildConfigurationList = 279501492AF53E08006E0280 /* Build configuration list for PBXProject "Money Manager" */;
			compatibilityVersion = "Xcode 14.0";
			developmentRegion = en;
			hasScannedForEncodings = 0;
			knownRegions = (
				en,
				Base,
			);
			mainGroup = 279501452AF53E08006E0280;
			productRefGroup = 2795014F2AF53E08006E0280 /* Products */;
			projectDirPath = "";
			projectRoot = "";
			targets = (
				2795014D2AF53E08006E0280 /* Money Manager */,
				279501642AF53E0A006E0280 /* Money ManagerTests */,
				2795016E2AF53E0A006E0280 /* Money ManagerUITests */,
			);
		};
/* End PBXProject section */

/* Begin PBXResourcesBuildPhase section */
		2795014C2AF53E08006E0280 /* Resources */ = {
			isa = PBXResourcesBuildPhase;
			buildActionMask = 2147483647;
			files = (
				279501592AF53E0A006E0280 /* Preview Assets.xcassets in Resources */,
				279501562AF53E0A006E0280 /* Assets.xcassets in Resources */,
			);
			runOnlyForDeploymentPostprocessing = 0;
		};
		279501632AF53E0A006E0280 /* Resources */ = {
			isa = PBXResourcesBuildPhase;
			buildActionMask = 2147483647;
			files = (
			);
			runOnlyForDeploymentPostprocessing = 0;
		};
		2795016D2AF53E0A006E0280 /* Resources */ = {
			isa = PBXResourcesBuildPhase;
			buildActionMask = 2147483647;
			files = (
			);
			runOnlyForDeploymentPostprocessing = 0;
		};
/* End PBXResourcesBuildPhase section */

/* Begin PBXSourcesBuildPhase section */
		2795014A2AF53E08006E0280 /* Sources */ = {
			isa = PBXSourcesBuildPhase;
			buildActionMask = 2147483647;
			files = (
				2795015E2AF53E0A006E0280 /* Money_Manager.xcdatamodeld in Sources */,
				2795015B2AF53E0A006E0280 /* Persistence.swift in Sources */,
				279501542AF53E08006E0280 /* ContentView.swift in Sources */,
				279501522AF53E08006E0280 /* Money_ManagerApp.swift in Sources */,
			);
			runOnlyForDeploymentPostprocessing = 0;
		};
		279501612AF53E0A006E0280 /* Sources */ = {
			isa = PBXSourcesBuildPhase;
			buildActionMask = 2147483647;
			files = (
				2795016A2AF53E0A006E0280 /* Money_ManagerTests.swift in Sources */,
			);
			runOnlyForDeploymentPostprocessing = 0;
		};
		2795016B2AF53E0A006E0280 /* Sources */ = {
			isa = PBXSourcesBuildPhase;
			buildActionMask = 2147483647;
			files = (
				279501742AF53E0A006E0280 /* Money_ManagerUITests.swift in Sources */,
				279501762AF53E0A006E0280 /* Money_ManagerUITestsLaunchTests.swift in Sources */,
			);
			runOnlyForDeploymentPostprocessing = 0;
		};
/* End PBXSourcesBuildPhase section */

/* Begin PBXTargetDependency section */
		279501672AF53E0A006E0280 /* PBXTargetDependency */ = {
			isa = PBXTargetDependency;
			target = 2795014D2AF53E08006E0280 /* Money Manager */;
			targetProxy = 279501662AF53E0A006E0280 /* PBXContainerItemProxy */;
		};
		279501712AF53E0A006E0280 /* PBXTargetDependency */ = {
			isa = PBXTargetDependency;
			target = 2795014D2AF53E08006E0280 /* Money Manager */;
			targetProxy = 279501702AF53E0A006E0280 /* PBXContainerItemProxy */;
		};
/* End PBXTargetDependency section */

/* Begin XCBuildConfiguration section */
		279501772AF53E0A006E0280 /* Debug */ = {
			isa = XCBuildConfiguration;
			buildSettings = {
				ALWAYS_SEARCH_USER_PATHS = NO;
				ASSETCATALOG_COMPILER_GENERATE_SWIFT_ASSET_SYMBOL_EXTENSIONS = YES;
				CLANG_ANALYZER_NONNULL = YES;
				CLANG_ANALYZER_NUMBER_OBJECT_CONVERSION = YES_AGGRESSIVE;
				CLANG_CXX_LANGUAGE_STANDARD = "gnu++20";
				CLANG_ENABLE_MODULES = YES;
				CLANG_ENABLE_OBJC_ARC = YES;
				CLANG_ENABLE_OBJC_WEAK = YES;
				CLANG_WARN_BLOCK_CAPTURE_AUTORELEASING = YES;
				CLANG_WARN_BOOL_CONVERSION = YES;
				CLANG_WARN_COMMA = YES;
				CLANG_WARN_CONSTANT_CONVERSION = YES;
				CLANG_WARN_DEPRECATED_OBJC_IMPLEMENTATIONS = YES;
				CLANG_WARN_DIRECT_OBJC_ISA_USAGE = YES_ERROR;
				CLANG_WARN_DOCUMENTATION_COMMENTS = YES;
				CLANG_WARN_EMPTY_BODY = YES;
				CLANG_WARN_ENUM_CONVERSION = YES;
				CLANG_WARN_INFINITE_RECURSION = YES;
				CLANG_WARN_INT_CONVERSION = YES;
				CLANG_WARN_NON_LITERAL_NULL_CONVERSION = YES;
				CLANG_WARN_OBJC_IMPLICIT_RETAIN_SELF = YES;
				CLANG_WARN_OBJC_LITERAL_CONVERSION = YES;
				CLANG_WARN_OBJC_ROOT_CLASS = YES_ERROR;
				CLANG_WARN_QUOTED_INCLUDE_IN_FRAMEWORK_HEADER = YES;
				CLANG_WARN_RANGE_LOOP_ANALYSIS = YES;
				CLANG_WARN_STRICT_PROTOTYPES = YES;
				CLANG_WARN_SUSPICIOUS_MOVE = YES;
				CLANG_WARN_UNGUARDED_AVAILABILITY = YES_AGGRESSIVE;
				CLANG_WARN_UNREACHABLE_CODE = YES;
				CLANG_WARN__DUPLICATE_METHOD_MATCH = YES;
				COPY_PHASE_STRIP = NO;
				DEBUG_INFORMATION_FORMAT = dwarf;
				ENABLE_STRICT_OBJC_MSGSEND = YES;
				ENABLE_TESTABILITY = YES;
				ENABLE_USER_SCRIPT_SANDBOXING = YES;
				GCC_C_LANGUAGE_STANDARD = gnu17;
				GCC_DYNAMIC_NO_PIC = NO;
				GCC_NO_COMMON_BLOCKS = YES;
				GCC_OPTIMIZATION_LEVEL = 0;
				GCC_PREPROCESSOR_DEFINITIONS = (
					"DEBUG=1",
					"$(inherited)",
				);
				GCC_WARN_64_TO_32_BIT_CONVERSION = YES;
				GCC_WARN_ABOUT_RETURN_TYPE = YES_ERROR;
				GCC_WARN_UNDECLARED_SELECTOR = YES;
				GCC_WARN_UNINITIALIZED_AUTOS = YES_AGGRESSIVE;
				GCC_WARN_UNUSED_FUNCTION = YES;
				GCC_WARN_UNUSED_VARIABLE = YES;
				IPHONEOS_DEPLOYMENT_TARGET = 17.0;
				LOCALIZATION_PREFERS_STRING_CATALOGS = YES;
				MTL_ENABLE_DEBUG_INFO = INCLUDE_SOURCE;
				MTL_FAST_MATH = YES;
				ONLY_ACTIVE_ARCH = YES;
				SDKROOT = iphoneos;
				SWIFT_ACTIVE_COMPILATION_CONDITIONS = "DEBUG $(inherited)";
				SWIFT_OPTIMIZATION_LEVEL = "-Onone";
			};
			name = Debug;
		};
		279501782AF53E0A006E0280 /* Release */ = {
			isa = XCBuildConfiguration;
			buildSettings = {
				ALWAYS_SEARCH_USER_PATHS = NO;
				ASSETCATALOG_COMPILER_GENERATE_SWIFT_ASSET_SYMBOL_EXTENSIONS = YES;
				CLANG_ANALYZER_NONNULL = YES;
				CLANG_ANALYZER_NUMBER_OBJECT_CONVERSION = YES_AGGRESSIVE;
				CLANG_CXX_LANGUAGE_STANDARD = "gnu++20";
				CLANG_ENABLE_MODULES = YES;
				CLANG_ENABLE_OBJC_ARC = YES;
				CLANG_ENABLE_OBJC_WEAK = YES;
				CLANG_WARN_BLOCK_CAPTURE_AUTORELEASING = YES;
				CLANG_WARN_BOOL_CONVERSION = YES;
				CLANG_WARN_COMMA = YES;
				CLANG_WARN_CONSTANT_CONVERSION = YES;
				CLANG_WARN_DEPRECATED_OBJC_IMPLEMENTATIONS = YES;
				CLANG_WARN_DIRECT_OBJC_ISA_USAGE = YES_ERROR;
				CLANG_WARN_DOCUMENTATION_COMMENTS = YES;
				CLANG_WARN_EMPTY_BODY = YES;
				CLANG_WARN_ENUM_CONVERSION = YES;
				CLANG_WARN_INFINITE_RECURSION = YES;
				CLANG_WARN_INT_CONVERSION = YES;
				CLANG_WARN_NON_LITERAL_NULL_CONVERSION = YES;
				CLANG_WARN_OBJC_IMPLICIT_RETAIN_SELF = YES;
				CLANG_WARN_OBJC_LITERAL_CONVERSION = YES;
				CLANG_WARN_OBJC_ROOT_CLASS = YES_ERROR;
				CLANG_WARN_QUOTED_INCLUDE_IN_FRAMEWORK_HEADER = YES;
				CLANG_WARN_RANGE_LOOP_ANALYSIS = YES;
				CLANG_WARN_STRICT_PROTOTYPES = YES;
				CLANG_WARN_SUSPICIOUS_MOVE = YES;
				CLANG_WARN_UNGUARDED_AVAILABILITY = YES_AGGRESSIVE;
				CLANG_WARN_UNREACHABLE_CODE = YES;
				CLANG_WARN__DUPLICATE_METHOD_MATCH = YES;
				COPY_PHASE_STRIP = NO;
				DEBUG_INFORMATION_FORMAT = "dwarf-with-dsym";
				ENABLE_NS_ASSERTIONS = NO;
				ENABLE_STRICT_OBJC_MSGSEND = YES;
				ENABLE_USER_SCRIPT_SANDBOXING = YES;
				GCC_C_LANGUAGE_STANDARD = gnu17;
				GCC_NO_COMMON_BLOCKS = YES;
				GCC_WARN_64_TO_32_BIT_CONVERSION = YES;
				GCC_WARN_ABOUT_RETURN_TYPE = YES_ERROR;
				GCC_WARN_UNDECLARED_SELECTOR = YES;
				GCC_WARN_UNINITIALIZED_AUTOS = YES_AGGRESSIVE;
				GCC_WARN_UNUSED_FUNCTION = YES;
				GCC_WARN_UNUSED_VARIABLE = YES;
				IPHONEOS_DEPLOYMENT_TARGET = 17.0;
				LOCALIZATION_PREFERS_STRING_CATALOGS = YES;
				MTL_ENABLE_DEBUG_INFO = NO;
				MTL_FAST_MATH = YES;
				SDKROOT = iphoneos;
				SWIFT_COMPILATION_MODE = wholemodule;
				VALIDATE_PRODUCT = YES;
			};
			name = Release;
		};
		2795017A2AF53E0A006E0280 /* Debug */ = {
			isa = XCBuildConfiguration;
			buildSettings = {
				ASSETCATALOG_COMPILER_APPICON_NAME = AppIcon;
				ASSETCATALOG_COMPILER_GLOBAL_ACCENT_COLOR_NAME = AccentColor;
				CODE_SIGN_ENTITLEMENTS = "Money Manager/Money_Manager.entitlements";
				CODE_SIGN_STYLE = Automatic;
				CURRENT_PROJECT_VERSION = 1;
				DEVELOPMENT_ASSET_PATHS = "\"Money Manager/Preview Content\"";
				DEVELOPMENT_TEAM = 73JB88448L;
				ENABLE_PREVIEWS = YES;
				GENERATE_INFOPLIST_FILE = YES;
				INFOPLIST_FILE = "Money Manager/Info.plist";
				INFOPLIST_KEY_UIApplicationSceneManifest_Generation = YES;
				INFOPLIST_KEY_UIApplicationSupportsIndirectInputEvents = YES;
				INFOPLIST_KEY_UILaunchScreen_Generation = YES;
				INFOPLIST_KEY_UISupportedInterfaceOrientations_iPad = "UIInterfaceOrientationPortrait UIInterfaceOrientationPortraitUpsideDown UIInterfaceOrientationLandscapeLeft UIInterfaceOrientationLandscapeRight";
				INFOPLIST_KEY_UISupportedInterfaceOrientations_iPhone = "UIInterfaceOrientationPortrait UIInterfaceOrientationLandscapeLeft UIInterfaceOrientationLandscapeRight";
				LD_RUNPATH_SEARCH_PATHS = (
					"$(inherited)",
					"@executable_path/Frameworks",
				);
				MARKETING_VERSION = 1.0;
				PRODUCT_BUNDLE_IDENTIFIER = "com.kdl.Money-Manager";
				PRODUCT_NAME = "$(TARGET_NAME)";
				SWIFT_EMIT_LOC_STRINGS = YES;
				SWIFT_VERSION = 5.0;
				TARGETED_DEVICE_FAMILY = "1,2";
			};
			name = Debug;
		};
		2795017B2AF53E0A006E0280 /* Release */ = {
			isa = XCBuildConfiguration;
			buildSettings = {
				ASSETCATALOG_COMPILER_APPICON_NAME = AppIcon;
				ASSETCATALOG_COMPILER_GLOBAL_ACCENT_COLOR_NAME = AccentColor;
				CODE_SIGN_ENTITLEMENTS = "Money Manager/Money_Manager.entitlements";
				CODE_SIGN_STYLE = Automatic;
				CURRENT_PROJECT_VERSION = 1;
				DEVELOPMENT_ASSET_PATHS = "\"Money Manager/Preview Content\"";
				DEVELOPMENT_TEAM = 73JB88448L;
				ENABLE_PREVIEWS = YES;
				GENERATE_INFOPLIST_FILE = YES;
				INFOPLIST_FILE = "Money Manager/Info.plist";
				INFOPLIST_KEY_UIApplicationSceneManifest_Generation = YES;
				INFOPLIST_KEY_UIApplicationSupportsIndirectInputEvents = YES;
				INFOPLIST_KEY_UILaunchScreen_Generation = YES;
				INFOPLIST_KEY_UISupportedInterfaceOrientations_iPad = "UIInterfaceOrientationPortrait UIInterfaceOrientationPortraitUpsideDown UIInterfaceOrientationLandscapeLeft UIInterfaceOrientationLandscapeRight";
				INFOPLIST_KEY_UISupportedInterfaceOrientations_iPhone = "UIInterfaceOrientationPortrait UIInterfaceOrientationLandscapeLeft UIInterfaceOrientationLandscapeRight";
				LD_RUNPATH_SEARCH_PATHS = (
					"$(inherited)",
					"@executable_path/Frameworks",
				);
				MARKETING_VERSION = 1.0;
				PRODUCT_BUNDLE_IDENTIFIER = "com.kdl.Money-Manager";
				PRODUCT_NAME = "$(TARGET_NAME)";
				SWIFT_EMIT_LOC_STRINGS = YES;
				SWIFT_VERSION = 5.0;
				TARGETED_DEVICE_FAMILY = "1,2";
			};
			name = Release;
		};
		2795017D2AF53E0A006E0280 /* Debug */ = {
			isa = XCBuildConfiguration;
			buildSettings = {
				ALWAYS_EMBED_SWIFT_STANDARD_LIBRARIES = YES;
				BUNDLE_LOADER = "$(TEST_HOST)";
				CODE_SIGN_STYLE = Automatic;
				CURRENT_PROJECT_VERSION = 1;
				DEVELOPMENT_TEAM = 73JB88448L;
				GENERATE_INFOPLIST_FILE = YES;
				IPHONEOS_DEPLOYMENT_TARGET = 17.0;
				MARKETING_VERSION = 1.0;
				PRODUCT_BUNDLE_IDENTIFIER = "com.kdl.Money-ManagerTests";
				PRODUCT_NAME = "$(TARGET_NAME)";
				SWIFT_EMIT_LOC_STRINGS = NO;
				SWIFT_VERSION = 5.0;
				TARGETED_DEVICE_FAMILY = "1,2";
				TEST_HOST = "$(BUILT_PRODUCTS_DIR)/Money Manager.app/$(BUNDLE_EXECUTABLE_FOLDER_PATH)/Money Manager";
			};
			name = Debug;
		};
		2795017E2AF53E0A006E0280 /* Release */ = {
			isa = XCBuildConfiguration;
			buildSettings = {
				ALWAYS_EMBED_SWIFT_STANDARD_LIBRARIES = YES;
				BUNDLE_LOADER = "$(TEST_HOST)";
				CODE_SIGN_STYLE = Automatic;
				CURRENT_PROJECT_VERSION = 1;
				DEVELOPMENT_TEAM = 73JB88448L;
				GENERATE_INFOPLIST_FILE = YES;
				IPHONEOS_DEPLOYMENT_TARGET = 17.0;
				MARKETING_VERSION = 1.0;
				PRODUCT_BUNDLE_IDENTIFIER = "com.kdl.Money-ManagerTests";
				PRODUCT_NAME = "$(TARGET_NAME)";
				SWIFT_EMIT_LOC_STRINGS = NO;
				SWIFT_VERSION = 5.0;
				TARGETED_DEVICE_FAMILY = "1,2";
				TEST_HOST = "$(BUILT_PRODUCTS_DIR)/Money Manager.app/$(BUNDLE_EXECUTABLE_FOLDER_PATH)/Money Manager";
			};
			name = Release;
		};
		279501802AF53E0A006E0280 /* Debug */ = {
			isa = XCBuildConfiguration;
			buildSettings = {
				ALWAYS_EMBED_SWIFT_STANDARD_LIBRARIES = YES;
				CODE_SIGN_STYLE = Automatic;
				CURRENT_PROJECT_VERSION = 1;
				DEVELOPMENT_TEAM = 73JB88448L;
				GENERATE_INFOPLIST_FILE = YES;
				MARKETING_VERSION = 1.0;
				PRODUCT_BUNDLE_IDENTIFIER = "com.kdl.Money-ManagerUITests";
				PRODUCT_NAME = "$(TARGET_NAME)";
				SWIFT_EMIT_LOC_STRINGS = NO;
				SWIFT_VERSION = 5.0;
				TARGETED_DEVICE_FAMILY = "1,2";
				TEST_TARGET_NAME = "Money Manager";
			};
			name = Debug;
		};
		279501812AF53E0A006E0280 /* Release */ = {
			isa = XCBuildConfiguration;
			buildSettings = {
				ALWAYS_EMBED_SWIFT_STANDARD_LIBRARIES = YES;
				CODE_SIGN_STYLE = Automatic;
				CURRENT_PROJECT_VERSION = 1;
				DEVELOPMENT_TEAM = 73JB88448L;
				GENERATE_INFOPLIST_FILE = YES;
				MARKETING_VERSION = 1.0;
				PRODUCT_BUNDLE_IDENTIFIER = "com.kdl.Money-ManagerUITests";
				PRODUCT_NAME = "$(TARGET_NAME)";
				SWIFT_EMIT_LOC_STRINGS = NO;
				SWIFT_VERSION = 5.0;
				TARGETED_DEVICE_FAMILY = "1,2";
				TEST_TARGET_NAME = "Money Manager";
			};
			name = Release;
		};
/* End XCBuildConfiguration section */

/* Begin XCConfigurationList section */
		279501492AF53E08006E0280 /* Build configuration list for PBXProject "Money Manager" */ = {
			isa = XCConfigurationList;
			buildConfigurations = (
				279501772AF53E0A006E0280 /* Debug */,
				279501782AF53E0A006E0280 /* Release */,
			);
			defaultConfigurationIsVisible = 0;
			defaultConfigurationName = Release;
		};
		279501792AF53E0A006E0280 /* Build configuration list for PBXNativeTarget "Money Manager" */ = {
			isa = XCConfigurationList;
			buildConfigurations = (
				2795017A2AF53E0A006E0280 /* Debug */,
				2795017B2AF53E0A006E0280 /* Release */,
			);
			defaultConfigurationIsVisible = 0;
			defaultConfigurationName = Release;
		};
		2795017C2AF53E0A006E0280 /* Build configuration list for PBXNativeTarget "Money ManagerTests" */ = {
			isa = XCConfigurationList;
			buildConfigurations = (
				2795017D2AF53E0A006E0280 /* Debug */,
				2795017E2AF53E0A006E0280 /* Release */,
			);
			defaultConfigurationIsVisible = 0;
			defaultConfigurationName = Release;
		};
		2795017F2AF53E0A006E0280 /* Build configuration list for PBXNativeTarget "Money ManagerUITests" */ = {
			isa = XCConfigurationList;
			buildConfigurations = (
				279501802AF53E0A006E0280 /* Debug */,
				279501812AF53E0A006E0280 /* Release */,
			);
			defaultConfigurationIsVisible = 0;
			defaultConfigurationName = Release;
		};
/* End XCConfigurationList section */

/* Begin XCVersionGroup section */
		2795015C2AF53E0A006E0280 /* Money_Manager.xcdatamodeld */ = {
			isa = XCVersionGroup;
			children = (
				2795015D2AF53E0A006E0280 /* Money_Manager.xcdatamodel */,
			);
			currentVersion = 2795015D2AF53E0A006E0280 /* Money_Manager.xcdatamodel */;
			path = Money_Manager.xcdatamodeld;
			sourceTree = "<group>";
			versionGroupType = wrapper.xcdatamodel;
		};
/* End XCVersionGroup section */
	};
	rootObject = 279501462AF53E08006E0280 /* Project object */;
}
